
Microsoft Visual Studio Solution File, Format Version 12.00
# Visual Studio 15
VisualStudioVersion = 15.0.27428.2043
MinimumVisualStudioVersion = 10.0.40219.1
Project("{FAE04EC0-301F-11D3-BF4B-00C04F79EFBC}") = "GitHubForDynamo", "GitHubForDynamo\GitHubForDynamo.csproj", "{7FBBA2D0-395F-469E-A04F-D3360C4E1552}"
EndProject
Project("{FAE04EC0-301F-11D3-BF4B-00C04F79EFBC}") = "GitHubForDynamoWPF", "GitHubForDynamoWPF\GitHubForDynamoWPF.csproj", "{DDCDE1ED-5DF3-40A4-BB24-4B3DB23A2D0D}"
EndProject
Global
	GlobalSection(SolutionConfigurationPlatforms) = preSolution
		Debug|Any CPU = Debug|Any CPU
		Release|Any CPU = Release|Any CPU
	EndGlobalSection
	GlobalSection(ProjectConfigurationPlatforms) = postSolution
		{7FBBA2D0-395F-469E-A04F-D3360C4E1552}.Debug|Any CPU.ActiveCfg = Debug|Any CPU
		{7FBBA2D0-395F-469E-A04F-D3360C4E1552}.Debug|Any CPU.Build.0 = Debug|Any CPU
		{7FBBA2D0-395F-469E-A04F-D3360C4E1552}.Release|Any CPU.ActiveCfg = Release|Any CPU
		{7FBBA2D0-395F-469E-A04F-D3360C4E1552}.Release|Any CPU.Build.0 = Release|Any CPU
		{DDCDE1ED-5DF3-40A4-BB24-4B3DB23A2D0D}.Debug|Any CPU.ActiveCfg = Debug|Any CPU
		{DDCDE1ED-5DF3-40A4-BB24-4B3DB23A2D0D}.Debug|Any CPU.Build.0 = Debug|Any CPU
		{DDCDE1ED-5DF3-40A4-BB24-4B3DB23A2D0D}.Release|Any CPU.ActiveCfg = Release|Any CPU
		{DDCDE1ED-5DF3-40A4-BB24-4B3DB23A2D0D}.Release|Any CPU.Build.0 = Release|Any CPU
	EndGlobalSection
	GlobalSection(SolutionProperties) = preSolution
		HideSolutionNode = FALSE
	EndGlobalSection
	GlobalSection(ExtensibilityGlobals) = postSolution
		SolutionGuid = {7D865E7F-135D-44A9-B3B7-7B13E2CA7288}
	EndGlobalSection
EndGlobal
